
Microsoft Visual Studio Solution File, Format Version 12.00
# Visual Studio Version 16
VisualStudioVersion = 16.0.31402.337
MinimumVisualStudioVersion = 10.0.40219.1
Project("{FAE04EC0-301F-11D3-BF4B-00C04F79EFBC}") = "Part1", "Part1\Part1.csproj", "{54428648-278C-4FF7-978E-C0C03D454D67}"
EndProject
Global
	GlobalSection(SolutionConfigurationPlatforms) = preSolution
		Debug|Any CPU = Debug|Any CPU
		Release|Any CPU = Release|Any CPU
	EndGlobalSection
	GlobalSection(ProjectConfigurationPlatforms) = postSolution
		{54428648-278C-4FF7-978E-C0C03D454D67}.Debug|Any CPU.ActiveCfg = Debug|Any CPU
		{54428648-278C-4FF7-978E-C0C03D454D67}.Debug|Any CPU.Build.0 = Debug|Any CPU
		{54428648-278C-4FF7-978E-C0C03D454D67}.Release|Any CPU.ActiveCfg = Release|Any CPU
		{54428648-278C-4FF7-978E-C0C03D454D67}.Release|Any CPU.Build.0 = Release|Any CPU
	EndGlobalSection
	GlobalSection(SolutionProperties) = preSolution
		HideSolutionNode = FALSE
	EndGlobalSection
	GlobalSection(ExtensibilityGlobals) = postSolution
		SolutionGuid = {0D3DDE13-1DB9-4650-8CCE-84460776206C}
	EndGlobalSection
EndGlobal
